
Microsoft Visual Studio Solution File, Format Version 12.00
# Visual Studio Version 16
VisualStudioVersion = 16.0.32929.386
MinimumVisualStudioVersion = 10.0.40219.1
Project("{FAE04EC0-301F-11D3-BF4B-00C04F79EFBC}") = "ShoppingCartStrongPrac", "ShoppingCartStrongPrac\ShoppingCartStrongPrac.csproj", "{69DDEA3E-7EEB-4D66-92B7-1AFDB9CE6FA6}"
EndProject
Global
	GlobalSection(SolutionConfigurationPlatforms) = preSolution
		Debug|Any CPU = Debug|Any CPU
		Release|Any CPU = Release|Any CPU
	EndGlobalSection
	GlobalSection(ProjectConfigurationPlatforms) = postSolution
		{69DDEA3E-7EEB-4D66-92B7-1AFDB9CE6FA6}.Debug|Any CPU.ActiveCfg = Debug|Any CPU
		{69DDEA3E-7EEB-4D66-92B7-1AFDB9CE6FA6}.Debug|Any CPU.Build.0 = Debug|Any CPU
		{69DDEA3E-7EEB-4D66-92B7-1AFDB9CE6FA6}.Release|Any CPU.ActiveCfg = Release|Any CPU
		{69DDEA3E-7EEB-4D66-92B7-1AFDB9CE6FA6}.Release|Any CPU.Build.0 = Release|Any CPU
	EndGlobalSection
	GlobalSection(SolutionProperties) = preSolution
		HideSolutionNode = FALSE
	EndGlobalSection
	GlobalSection(ExtensibilityGlobals) = postSolution
		SolutionGuid = {02DEECB2-7410-4162-9DB5-0B75CE67B65A}
	EndGlobalSection
EndGlobal
