
Microsoft Visual Studio Solution File, Format Version 12.00
# Visual Studio Version 16
VisualStudioVersion = 16.0.32929.386
MinimumVisualStudioVersion = 10.0.40219.1
Project("{FAE04EC0-301F-11D3-BF4B-00C04F79EFBC}") = "WebApiPractice2", "WebApiPractice2\WebApiPractice2.csproj", "{50BE156F-24F6-4369-AAF5-9307CA9D86B4}"
EndProject
Global
	GlobalSection(SolutionConfigurationPlatforms) = preSolution
		Debug|Any CPU = Debug|Any CPU
		Release|Any CPU = Release|Any CPU
	EndGlobalSection
	GlobalSection(ProjectConfigurationPlatforms) = postSolution
		{50BE156F-24F6-4369-AAF5-9307CA9D86B4}.Debug|Any CPU.ActiveCfg = Debug|Any CPU
		{50BE156F-24F6-4369-AAF5-9307CA9D86B4}.Debug|Any CPU.Build.0 = Debug|Any CPU
		{50BE156F-24F6-4369-AAF5-9307CA9D86B4}.Release|Any CPU.ActiveCfg = Release|Any CPU
		{50BE156F-24F6-4369-AAF5-9307CA9D86B4}.Release|Any CPU.Build.0 = Release|Any CPU
	EndGlobalSection
	GlobalSection(SolutionProperties) = preSolution
		HideSolutionNode = FALSE
	EndGlobalSection
	GlobalSection(ExtensibilityGlobals) = postSolution
		SolutionGuid = {B4C4FC76-D1FC-47CA-8FE4-C4716BF505D8}
	EndGlobalSection
EndGlobal
