
Microsoft Visual Studio Solution File, Format Version 12.00
# Visual Studio Version 16
VisualStudioVersion = 16.0.32929.386
MinimumVisualStudioVersion = 10.0.40219.1
Project("{FAE04EC0-301F-11D3-BF4B-00C04F79EFBC}") = "EmptyASPProject", "EmptyASPProject\EmptyASPProject.csproj", "{C5B1E92B-62E2-4417-9AB5-8C5A693E56A5}"
EndProject
Project("{FAE04EC0-301F-11D3-BF4B-00C04F79EFBC}") = "ASPWithMVCcore", "ASPWithMVCcore\ASPWithMVCcore.csproj", "{C41A4B4F-41EA-43E7-AAF0-A4532685DF83}"
EndProject
Global
	GlobalSection(SolutionConfigurationPlatforms) = preSolution
		Debug|Any CPU = Debug|Any CPU
		Release|Any CPU = Release|Any CPU
	EndGlobalSection
	GlobalSection(ProjectConfigurationPlatforms) = postSolution
		{C5B1E92B-62E2-4417-9AB5-8C5A693E56A5}.Debug|Any CPU.ActiveCfg = Debug|Any CPU
		{C5B1E92B-62E2-4417-9AB5-8C5A693E56A5}.Debug|Any CPU.Build.0 = Debug|Any CPU
		{C5B1E92B-62E2-4417-9AB5-8C5A693E56A5}.Release|Any CPU.ActiveCfg = Release|Any CPU
		{C5B1E92B-62E2-4417-9AB5-8C5A693E56A5}.Release|Any CPU.Build.0 = Release|Any CPU
		{C41A4B4F-41EA-43E7-AAF0-A4532685DF83}.Debug|Any CPU.ActiveCfg = Debug|Any CPU
		{C41A4B4F-41EA-43E7-AAF0-A4532685DF83}.Debug|Any CPU.Build.0 = Debug|Any CPU
		{C41A4B4F-41EA-43E7-AAF0-A4532685DF83}.Release|Any CPU.ActiveCfg = Release|Any CPU
		{C41A4B4F-41EA-43E7-AAF0-A4532685DF83}.Release|Any CPU.Build.0 = Release|Any CPU
	EndGlobalSection
	GlobalSection(SolutionProperties) = preSolution
		HideSolutionNode = FALSE
	EndGlobalSection
	GlobalSection(ExtensibilityGlobals) = postSolution
		SolutionGuid = {08E19239-4980-4C0C-8BC2-04D01D186324}
	EndGlobalSection
EndGlobal
