
Microsoft Visual Studio Solution File, Format Version 12.00
# Visual Studio Version 17
VisualStudioVersion = 17.1.32328.378
MinimumVisualStudioVersion = 10.0.40219.1
Project("{9A19103F-16F7-4668-BE54-9A1E7A4F7556}") = "EmptyAspProject", "EmptyAspProject.csproj", "{58C5E381-0436-41FE-B4ED-F03A13CFFA92}"
EndProject
Global
	GlobalSection(SolutionConfigurationPlatforms) = preSolution
		Debug|Any CPU = Debug|Any CPU
		Release|Any CPU = Release|Any CPU
	EndGlobalSection
	GlobalSection(ProjectConfigurationPlatforms) = postSolution
		{58C5E381-0436-41FE-B4ED-F03A13CFFA92}.Debug|Any CPU.ActiveCfg = Debug|Any CPU
		{58C5E381-0436-41FE-B4ED-F03A13CFFA92}.Debug|Any CPU.Build.0 = Debug|Any CPU
		{58C5E381-0436-41FE-B4ED-F03A13CFFA92}.Release|Any CPU.ActiveCfg = Release|Any CPU
		{58C5E381-0436-41FE-B4ED-F03A13CFFA92}.Release|Any CPU.Build.0 = Release|Any CPU
	EndGlobalSection
	GlobalSection(SolutionProperties) = preSolution
		HideSolutionNode = FALSE
	EndGlobalSection
	GlobalSection(ExtensibilityGlobals) = postSolution
		SolutionGuid = {BDB625AF-29C8-4224-B24E-342F3249CCC2}
	EndGlobalSection
EndGlobal
