
Microsoft Visual Studio Solution File, Format Version 12.00
# Visual Studio Version 16
VisualStudioVersion = 16.0.32929.386
MinimumVisualStudioVersion = 10.0.40219.1
Project("{FAE04EC0-301F-11D3-BF4B-00C04F79EFBC}") = "JokesWebApp", "JokesWebApp\JokesWebApp.csproj", "{D377196E-9D5A-47F5-BFC3-B821813768D0}"
EndProject
Global
	GlobalSection(SolutionConfigurationPlatforms) = preSolution
		Debug|Any CPU = Debug|Any CPU
		Release|Any CPU = Release|Any CPU
	EndGlobalSection
	GlobalSection(ProjectConfigurationPlatforms) = postSolution
		{D377196E-9D5A-47F5-BFC3-B821813768D0}.Debug|Any CPU.ActiveCfg = Debug|Any CPU
		{D377196E-9D5A-47F5-BFC3-B821813768D0}.Debug|Any CPU.Build.0 = Debug|Any CPU
		{D377196E-9D5A-47F5-BFC3-B821813768D0}.Release|Any CPU.ActiveCfg = Release|Any CPU
		{D377196E-9D5A-47F5-BFC3-B821813768D0}.Release|Any CPU.Build.0 = Release|Any CPU
	EndGlobalSection
	GlobalSection(SolutionProperties) = preSolution
		HideSolutionNode = FALSE
	EndGlobalSection
	GlobalSection(ExtensibilityGlobals) = postSolution
		SolutionGuid = {09A94E41-EED4-47C7-A568-83BAD617C0A2}
	EndGlobalSection
EndGlobal
